// !$*UTF8*$!
{
	archiveVersion = 1;
	classes = {
	};
	objectVersion = 50;
	objects = {

/* Begin PBXBuildFile section */
		ED2A63C926A675A10011497E /* AppDelegate.swift in Sources */ = {isa = PBXBuildFile; fileRef = ED2A63C826A675A10011497E /* AppDelegate.swift */; };
		ED2A63CB26A675A10011497E /* SceneDelegate.swift in Sources */ = {isa = PBXBuildFile; fileRef = ED2A63CA26A675A10011497E /* SceneDelegate.swift */; };
		ED2A63CD26A675A10011497E /* ViewController.swift in Sources */ = {isa = PBXBuildFile; fileRef = ED2A63CC26A675A10011497E /* ViewController.swift */; };
		ED2A63D026A675A10011497E /* Main.storyboard in Resources */ = {isa = PBXBuildFile; fileRef = ED2A63CE26A675A10011497E /* Main.storyboard */; };
		ED2A63D226A675A50011497E /* Assets.xcassets in Resources */ = {isa = PBXBuildFile; fileRef = ED2A63D126A675A50011497E /* Assets.xcassets */; };
		ED2A63D526A675A50011497E /* LaunchScreen.storyboard in Resources */ = {isa = PBXBuildFile; fileRef = ED2A63D326A675A50011497E /* LaunchScreen.storyboard */; };
		ED2A63E026A675A50011497E /* PreworkTests.swift in Sources */ = {isa = PBXBuildFile; fileRef = ED2A63DF26A675A50011497E /* PreworkTests.swift */; };
		ED2A63EB26A675A50011497E /* PreworkUITests.swift in Sources */ = {isa = PBXBuildFile; fileRef = ED2A63EA26A675A50011497E /* PreworkUITests.swift */; };
/* End PBXBuildFile section */

/* Begin PBXContainerItemProxy section */
		ED2A63DC26A675A50011497E /* PBXContainerItemProxy */ = {
			isa = PBXContainerItemProxy;
			containerPortal = ED2A63BD26A675A10011497E /* Project object */;
			proxyType = 1;
			remoteGlobalIDString = ED2A63C426A675A10011497E;
			remoteInfo = Prework;
		};
		ED2A63E726A675A50011497E /* PBXContainerItemProxy */ = {
			isa = PBXContainerItemProxy;
			containerPortal = ED2A63BD26A675A10011497E /* Project object */;
			proxyType = 1;
			remoteGlobalIDString = ED2A63C426A675A10011497E;
			remoteInfo = Prework;
		};
/* End PBXContainerItemProxy section */

/* Begin PBXFileReference section */
		ED2A63C526A675A10011497E /* Prework.app */ = {isa = PBXFileReference; explicitFileType = wrapper.application; includeInIndex = 0; path = Prework.app; sourceTree = BUILT_PRODUCTS_DIR; };
		ED2A63C826A675A10011497E /* AppDelegate.swift */ = {isa = PBXFileReference; lastKnownFileType = sourcecode.swift; path = AppDelegate.swift; sourceTree = "<group>"; };
		ED2A63CA26A675A10011497E /* SceneDelegate.swift */ = {isa = PBXFileReference; lastKnownFileType = sourcecode.swift; path = SceneDelegate.swift; sourceTree = "<group>"; };
		ED2A63CC26A675A10011497E /* ViewController.swift */ = {isa = PBXFileReference; lastKnownFileType = sourcecode.swift; path = ViewController.swift; sourceTree = "<group>"; };
		ED2A63CF26A675A10011497E /* Base */ = {isa = PBXFileReference; lastKnownFileType = file.storyboard; name = Base; path = Base.lproj/Main.storyboard; sourceTree = "<group>"; };
		ED2A63D126A675A50011497E /* Assets.xcassets */ = {isa = PBXFileReference; lastKnownFileType = folder.assetcatalog; path = Assets.xcassets; sourceTree = "<group>"; };
		ED2A63D426A675A50011497E /* Base */ = {isa = PBXFileReference; lastKnownFileType = file.storyboard; name = Base; path = Base.lproj/LaunchScreen.storyboard; sourceTree = "<group>"; };
		ED2A63D626A675A50011497E /* Info.plist */ = {isa = PBXFileReference; lastKnownFileType = text.plist.xml; path = Info.plist; sourceTree = "<group>"; };
		ED2A63DB26A675A50011497E /* PreworkTests.xctest */ = {isa = PBXFileReference; explicitFileType = wrapper.cfbundle; includeInIndex = 0; path = PreworkTests.xctest; sourceTree = BUILT_PRODUCTS_DIR; };
		ED2A63DF26A675A50011497E /* PreworkTests.swift */ = {isa = PBXFileReference; lastKnownFileType = sourcecode.swift; path = PreworkTests.swift; sourceTree = "<group>"; };
		ED2A63E126A675A50011497E /* Info.plist */ = {isa = PBXFileReference; lastKnownFileType = text.plist.xml; path = Info.plist; sourceTree = "<group>"; };
		ED2A63E626A675A50011497E /* PreworkUITests.xctest */ = {isa = PBXFileReference; explicitFileType = wrapper.cfbundle; includeInIndex = 0; path = PreworkUITests.xctest; sourceTree = BUILT_PRODUCTS_DIR; };
		ED2A63EA26A675A50011497E /* PreworkUITests.swift */ = {isa = PBXFileReference; lastKnownFileType = sourcecode.swift; path = PreworkUITests.swift; sourceTree = "<group>"; };
		ED2A63EC26A675A50011497E /* Info.plist */ = {isa = PBXFileReference; lastKnownFileType = text.plist.xml; path = Info.plist; sourceTree = "<group>"; };
/* End PBXFileReference section */

/* Begin PBXFrameworksBuildPhase section */
		ED2A63C226A675A10011497E /* Frameworks */ = {
			isa = PBXFrameworksBuildPhase;
			buildActionMask = 2147483647;
			files = (
			);
			runOnlyForDeploymentPostprocessing = 0;
		};
		ED2A63D826A675A50011497E /* Frameworks */ = {
			isa = PBXFrameworksBuildPhase;
			buildActionMask = 2147483647;
			files = (
			);
			runOnlyForDeploymentPostprocessing = 0;
		};
		ED2A63E326A675A50011497E /* Frameworks */ = {
			isa = PBXFrameworksBuildPhase;
			buildActionMask = 2147483647;
			files = (
			);
			runOnlyForDeploymentPostprocessing = 0;
		};
/* End PBXFrameworksBuildPhase section */

/* Begin PBXGroup section */
		ED2A63BC26A675A10011497E = {
			isa = PBXGroup;
			children = (
				ED2A63C726A675A10011497E /* Prework */,
				ED2A63DE26A675A50011497E /* PreworkTests */,
				ED2A63E926A675A50011497E /* PreworkUITests */,
				ED2A63C626A675A10011497E /* Products */,
			);
			sourceTree = "<group>";
		};
		ED2A63C626A675A10011497E /* Products */ = {
			isa = PBXGroup;
			children = (
				ED2A63C526A675A10011497E /* Prework.app */,
				ED2A63DB26A675A50011497E /* PreworkTests.xctest */,
				ED2A63E626A675A50011497E /* PreworkUITests.xctest */,
			);
			name = Products;
			sourceTree = "<group>";
		};
		ED2A63C726A675A10011497E /* Prework */ = {
			isa = PBXGroup;
			children = (
				ED2A63C826A675A10011497E /* AppDelegate.swift */,
				ED2A63CA26A675A10011497E /* SceneDelegate.swift */,
				ED2A63CC26A675A10011497E /* ViewController.swift */,
				ED2A63CE26A675A10011497E /* Main.storyboard */,
				ED2A63D126A675A50011497E /* Assets.xcassets */,
				ED2A63D326A675A50011497E /* LaunchScreen.storyboard */,
				ED2A63D626A675A50011497E /* Info.plist */,
			);
			path = Prework;
			sourceTree = "<group>";
		};
		ED2A63DE26A675A50011497E /* PreworkTests */ = {
			isa = PBXGroup;
			children = (
				ED2A63DF26A675A50011497E /* PreworkTests.swift */,
				ED2A63E126A675A50011497E /* Info.plist */,
			);
			path = PreworkTests;
			sourceTree = "<group>";
		};
		ED2A63E926A675A50011497E /* PreworkUITests */ = {
			isa = PBXGroup;
			children = (
				ED2A63EA26A675A50011497E /* PreworkUITests.swift */,
				ED2A63EC26A675A50011497E /* Info.plist */,
			);
			path = PreworkUITests;
			sourceTree = "<group>";
		};
/* End PBXGroup section */

/* Begin PBXNativeTarget section */
		ED2A63C426A675A10011497E /* Prework */ = {
			isa = PBXNativeTarget;
			buildConfigurationList = ED2A63EF26A675A50011497E /* Build configuration list for PBXNativeTarget "Prework" */;
			buildPhases = (
				ED2A63C126A675A10011497E /* Sources */,
				ED2A63C226A675A10011497E /* Frameworks */,
				ED2A63C326A675A10011497E /* Resources */,
			);
			buildRules = (
			);
			dependencies = (
			);
			name = Prework;
			productName = Prework;
			productReference = ED2A63C526A675A10011497E /* Prework.app */;
			productType = "com.apple.product-type.application";
		};
		ED2A63DA26A675A50011497E /* PreworkTests */ = {
			isa = PBXNativeTarget;
			buildConfigurationList = ED2A63F226A675A50011497E /* Build configuration list for PBXNativeTarget "PreworkTests" */;
			buildPhases = (
				ED2A63D726A675A50011497E /* Sources */,
				ED2A63D826A675A50011497E /* Frameworks */,
				ED2A63D926A675A50011497E /* Resources */,
			);
			buildRules = (
			);
			dependencies = (
				ED2A63DD26A675A50011497E /* PBXTargetDependency */,
			);
			name = PreworkTests;
			productName = PreworkTests;
			productReference = ED2A63DB26A675A50011497E /* PreworkTests.xctest */;
			productType = "com.apple.product-type.bundle.unit-test";
		};
		ED2A63E526A675A50011497E /* PreworkUITests */ = {
			isa = PBXNativeTarget;
			buildConfigurationList = ED2A63F526A675A50011497E /* Build configuration list for PBXNativeTarget "PreworkUITests" */;
			buildPhases = (
				ED2A63E226A675A50011497E /* Sources */,
				ED2A63E326A675A50011497E /* Frameworks */,
				ED2A63E426A675A50011497E /* Resources */,
			);
			buildRules = (
			);
			dependencies = (
				ED2A63E826A675A50011497E /* PBXTargetDependency */,
			);
			name = PreworkUITests;
			productName = PreworkUITests;
			productReference = ED2A63E626A675A50011497E /* PreworkUITests.xctest */;
			productType = "com.apple.product-type.bundle.ui-testing";
		};
/* End PBXNativeTarget section */

/* Begin PBXProject section */
		ED2A63BD26A675A10011497E /* Project object */ = {
			isa = PBXProject;
			attributes = {
				LastSwiftUpdateCheck = 1250;
				LastUpgradeCheck = 1250;
				TargetAttributes = {
					ED2A63C426A675A10011497E = {
						CreatedOnToolsVersion = 12.5.1;
					};
					ED2A63DA26A675A50011497E = {
						CreatedOnToolsVersion = 12.5.1;
						TestTargetID = ED2A63C426A675A10011497E;
					};
					ED2A63E526A675A50011497E = {
						CreatedOnToolsVersion = 12.5.1;
						TestTargetID = ED2A63C426A675A10011497E;
					};
				};
			};
			buildConfigurationList = ED2A63C026A675A10011497E /* Build configuration list for PBXProject "Prework" */;
			compatibilityVersion = "Xcode 9.3";
			developmentRegion = en;
			hasScannedForEncodings = 0;
			knownRegions = (
				en,
				Base,
			);
			mainGroup = ED2A63BC26A675A10011497E;
			productRefGroup = ED2A63C626A675A10011497E /* Products */;
			projectDirPath = "";
			projectRoot = "";
			targets = (
				ED2A63C426A675A10011497E /* Prework */,
				ED2A63DA26A675A50011497E /* PreworkTests */,
				ED2A63E526A675A50011497E /* PreworkUITests */,
			);
		};
/* End PBXProject section */

/* Begin PBXResourcesBuildPhase section */
		ED2A63C326A675A10011497E /* Resources */ = {
			isa = PBXResourcesBuildPhase;
			buildActionMask = 2147483647;
			files = (
				ED2A63D526A675A50011497E /* LaunchScreen.storyboard in Resources */,
				ED2A63D226A675A50011497E /* Assets.xcassets in Resources */,
				ED2A63D026A675A10011497E /* Main.storyboard in Resources */,
			);
			runOnlyForDeploymentPostprocessing = 0;
		};
		ED2A63D926A675A50011497E /* Resources */ = {
			isa = PBXResourcesBuildPhase;
			buildActionMask = 2147483647;
			files = (
			);
			runOnlyForDeploymentPostprocessing = 0;
		};
		ED2A63E426A675A50011497E /* Resources */ = {
			isa = PBXResourcesBuildPhase;
			buildActionMask = 2147483647;
			files = (
			);
			runOnlyForDeploymentPostprocessing = 0;
		};
/* End PBXResourcesBuildPhase section */

/* Begin PBXSourcesBuildPhase section */
		ED2A63C126A675A10011497E /* Sources */ = {
			isa = PBXSourcesBuildPhase;
			buildActionMask = 2147483647;
			files = (
				ED2A63CD26A675A10011497E /* ViewController.swift in Sources */,
				ED2A63C926A675A10011497E /* AppDelegate.swift in Sources */,
				ED2A63CB26A675A10011497E /* SceneDelegate.swift in Sources */,
			);
			runOnlyForDeploymentPostprocessing = 0;
		};
		ED2A63D726A675A50011497E /* Sources */ = {
			isa = PBXSourcesBuildPhase;
			buildActionMask = 2147483647;
			files = (
				ED2A63E026A675A50011497E /* PreworkTests.swift in Sources */,
			);
			runOnlyForDeploymentPostprocessing = 0;
		};
		ED2A63E226A675A50011497E /* Sources */ = {
			isa = PBXSourcesBuildPhase;
			buildActionMask = 2147483647;
			files = (
				ED2A63EB26A675A50011497E /* PreworkUITests.swift in Sources */,
			);
			runOnlyForDeploymentPostprocessing = 0;
		};
/* End PBXSourcesBuildPhase section */

/* Begin PBXTargetDependency section */
		ED2A63DD26A675A50011497E /* PBXTargetDependency */ = {
			isa = PBXTargetDependency;
			target = ED2A63C426A675A10011497E /* Prework */;
			targetProxy = ED2A63DC26A675A50011497E /* PBXContainerItemProxy */;
		};
		ED2A63E826A675A50011497E /* PBXTargetDependency */ = {
			isa = PBXTargetDependency;
			target = ED2A63C426A675A10011497E /* Prework */;
			targetProxy = ED2A63E726A675A50011497E /* PBXContainerItemProxy */;
		};
/* End PBXTargetDependency section */

/* Begin PBXVariantGroup section */
		ED2A63CE26A675A10011497E /* Main.storyboard */ = {
			isa = PBXVariantGroup;
			children = (
				ED2A63CF26A675A10011497E /* Base */,
			);
			name = Main.storyboard;
			sourceTree = "<group>";
		};
		ED2A63D326A675A50011497E /* LaunchScreen.storyboard */ = {
			isa = PBXVariantGroup;
			children = (
				ED2A63D426A675A50011497E /* Base */,
			);
			name = LaunchScreen.storyboard;
			sourceTree = "<group>";
		};
/* End PBXVariantGroup section */

/* Begin XCBuildConfiguration section */
		ED2A63ED26A675A50011497E /* Debug */ = {
			isa = XCBuildConfiguration;
			buildSettings = {
				ALWAYS_SEARCH_USER_PATHS = NO;
				CLANG_ANALYZER_NONNULL = YES;
				CLANG_ANALYZER_NUMBER_OBJECT_CONVERSION = YES_AGGRESSIVE;
				CLANG_CXX_LANGUAGE_STANDARD = "gnu++14";
				CLANG_CXX_LIBRARY = "libc++";
				CLANG_ENABLE_MODULES = YES;
				CLANG_ENABLE_OBJC_ARC = YES;
				CLANG_ENABLE_OBJC_WEAK = YES;
				CLANG_WARN_BLOCK_CAPTURE_AUTORELEASING = YES;
				CLANG_WARN_BOOL_CONVERSION = YES;
				CLANG_WARN_COMMA = YES;
				CLANG_WARN_CONSTANT_CONVERSION = YES;
				CLANG_WARN_DEPRECATED_OBJC_IMPLEMENTATIONS = YES;
				CLANG_WARN_DIRECT_OBJC_ISA_USAGE = YES_ERROR;
				CLANG_WARN_DOCUMENTATION_COMMENTS = YES;
				CLANG_WARN_EMPTY_BODY = YES;
				CLANG_WARN_ENUM_CONVERSION = YES;
				CLANG_WARN_INFINITE_RECURSION = YES;
				CLANG_WARN_INT_CONVERSION = YES;
				CLANG_WARN_NON_LITERAL_NULL_CONVERSION = YES;
				CLANG_WARN_OBJC_IMPLICIT_RETAIN_SELF = YES;
				CLANG_WARN_OBJC_LITERAL_CONVERSION = YES;
				CLANG_WARN_OBJC_ROOT_CLASS = YES_ERROR;
				CLANG_WARN_QUOTED_INCLUDE_IN_FRAMEWORK_HEADER = YES;
				CLANG_WARN_RANGE_LOOP_ANALYSIS = YES;
				CLANG_WARN_STRICT_PROTOTYPES = YES;
				CLANG_WARN_SUSPICIOUS_MOVE = YES;
				CLANG_WARN_UNGUARDED_AVAILABILITY = YES_AGGRESSIVE;
				CLANG_WARN_UNREACHABLE_CODE = YES;
				CLANG_WARN__DUPLICATE_METHOD_MATCH = YES;
				COPY_PHASE_STRIP = NO;
				DEBUG_INFORMATION_FORMAT = dwarf;
				ENABLE_STRICT_OBJC_MSGSEND = YES;
				ENABLE_TESTABILITY = YES;
				GCC_C_LANGUAGE_STANDARD = gnu11;
				GCC_DYNAMIC_NO_PIC = NO;
				GCC_NO_COMMON_BLOCKS = YES;
				GCC_OPTIMIZATION_LEVEL = 0;
				GCC_PREPROCESSOR_DEFINITIONS = (
					"DEBUG=1",
					"$(inherited)",
				);
				GCC_WARN_64_TO_32_BIT_CONVERSION = YES;
				GCC_WARN_ABOUT_RETURN_TYPE = YES_ERROR;
				GCC_WARN_UNDECLARED_SELECTOR = YES;
				GCC_WARN_UNINITIALIZED_AUTOS = YES_AGGRESSIVE;
				GCC_WARN_UNUSED_FUNCTION = YES;
				GCC_WARN_UNUSED_VARIABLE = YES;
				IPHONEOS_DEPLOYMENT_TARGET = 14.5;
				MTL_ENABLE_DEBUG_INFO = INCLUDE_SOURCE;
				MTL_FAST_MATH = YES;
				ONLY_ACTIVE_ARCH = YES;
				SDKROOT = iphoneos;
				SWIFT_ACTIVE_COMPILATION_CONDITIONS = DEBUG;
				SWIFT_OPTIMIZATION_LEVEL = "-Onone";
			};
			name = Debug;
		};
		ED2A63EE26A675A50011497E /* Release */ = {
			isa = XCBuildConfiguration;
			buildSettings = {
				ALWAYS_SEARCH_USER_PATHS = NO;
				CLANG_ANALYZER_NONNULL = YES;
				CLANG_ANALYZER_NUMBER_OBJECT_CONVERSION = YES_AGGRESSIVE;
				CLANG_CXX_LANGUAGE_STANDARD = "gnu++14";
				CLANG_CXX_LIBRARY = "libc++";
				CLANG_ENABLE_MODULES = YES;
				CLANG_ENABLE_OBJC_ARC = YES;
				CLANG_ENABLE_OBJC_WEAK = YES;
				CLANG_WARN_BLOCK_CAPTURE_AUTORELEASING = YES;
				CLANG_WARN_BOOL_CONVERSION = YES;
				CLANG_WARN_COMMA = YES;
				CLANG_WARN_CONSTANT_CONVERSION = YES;
				CLANG_WARN_DEPRECATED_OBJC_IMPLEMENTATIONS = YES;
				CLANG_WARN_DIRECT_OBJC_ISA_USAGE = YES_ERROR;
				CLANG_WARN_DOCUMENTATION_COMMENTS = YES;
				CLANG_WARN_EMPTY_BODY = YES;
				CLANG_WARN_ENUM_CONVERSION = YES;
				CLANG_WARN_INFINITE_RECURSION = YES;
				CLANG_WARN_INT_CONVERSION = YES;
				CLANG_WARN_NON_LITERAL_NULL_CONVERSION = YES;
				CLANG_WARN_OBJC_IMPLICIT_RETAIN_SELF = YES;
				CLANG_WARN_OBJC_LITERAL_CONVERSION = YES;
				CLANG_WARN_OBJC_ROOT_CLASS = YES_ERROR;
				CLANG_WARN_QUOTED_INCLUDE_IN_FRAMEWORK_HEADER = YES;
				CLANG_WARN_RANGE_LOOP_ANALYSIS = YES;
				CLANG_WARN_STRICT_PROTOTYPES = YES;
				CLANG_WARN_SUSPICIOUS_MOVE = YES;
				CLANG_WARN_UNGUARDED_AVAILABILITY = YES_AGGRESSIVE;
				CLANG_WARN_UNREACHABLE_CODE = YES;
				CLANG_WARN__DUPLICATE_METHOD_MATCH = YES;
				COPY_PHASE_STRIP = NO;
				DEBUG_INFORMATION_FORMAT = "dwarf-with-dsym";
				ENABLE_NS_ASSERTIONS = NO;
				ENABLE_STRICT_OBJC_MSGSEND = YES;
				GCC_C_LANGUAGE_STANDARD = gnu11;
				GCC_NO_COMMON_BLOCKS = YES;
				GCC_WARN_64_TO_32_BIT_CONVERSION = YES;
				GCC_WARN_ABOUT_RETURN_TYPE = YES_ERROR;
				GCC_WARN_UNDECLARED_SELECTOR = YES;
				GCC_WARN_UNINITIALIZED_AUTOS = YES_AGGRESSIVE;
				GCC_WARN_UNUSED_FUNCTION = YES;
				GCC_WARN_UNUSED_VARIABLE = YES;
				IPHONEOS_DEPLOYMENT_TARGET = 14.5;
				MTL_ENABLE_DEBUG_INFO = NO;
				MTL_FAST_MATH = YES;
				SDKROOT = iphoneos;
				SWIFT_COMPILATION_MODE = wholemodule;
				SWIFT_OPTIMIZATION_LEVEL = "-O";
				VALIDATE_PRODUCT = YES;
			};
			name = Release;
		};
		ED2A63F026A675A50011497E /* Debug */ = {
			isa = XCBuildConfiguration;
			buildSettings = {
				ASSETCATALOG_COMPILER_APPICON_NAME = AppIcon;
				ASSETCATALOG_COMPILER_GLOBAL_ACCENT_COLOR_NAME = AccentColor;
				CODE_SIGN_STYLE = Automatic;
				INFOPLIST_FILE = Prework/Info.plist;
				LD_RUNPATH_SEARCH_PATHS = (
					"$(inherited)",
					"@executable_path/Frameworks",
				);
				PRODUCT_BUNDLE_IDENTIFIER = lacc.Prework;
				PRODUCT_NAME = "$(TARGET_NAME)";
				SWIFT_VERSION = 5.0;
				TARGETED_DEVICE_FAMILY = "1,2";
			};
			name = Debug;
		};
		ED2A63F126A675A50011497E /* Release */ = {
			isa = XCBuildConfiguration;
			buildSettings = {
				ASSETCATALOG_COMPILER_APPICON_NAME = AppIcon;
				ASSETCATALOG_COMPILER_GLOBAL_ACCENT_COLOR_NAME = AccentColor;
				CODE_SIGN_STYLE = Automatic;
				INFOPLIST_FILE = Prework/Info.plist;
				LD_RUNPATH_SEARCH_PATHS = (
					"$(inherited)",
					"@executable_path/Frameworks",
				);
				PRODUCT_BUNDLE_IDENTIFIER = lacc.Prework;
				PRODUCT_NAME = "$(TARGET_NAME)";
				SWIFT_VERSION = 5.0;
				TARGETED_DEVICE_FAMILY = "1,2";
			};
			name = Release;
		};
		ED2A63F326A675A50011497E /* Debug */ = {
			isa = XCBuildConfiguration;
			buildSettings = {
				ALWAYS_EMBED_SWIFT_STANDARD_LIBRARIES = YES;
				BUNDLE_LOADER = "$(TEST_HOST)";
				CODE_SIGN_STYLE = Automatic;
				INFOPLIST_FILE = PreworkTests/Info.plist;
				IPHONEOS_DEPLOYMENT_TARGET = 14.5;
				LD_RUNPATH_SEARCH_PATHS = (
					"$(inherited)",
					"@executable_path/Frameworks",
					"@loader_path/Frameworks",
				);
				PRODUCT_BUNDLE_IDENTIFIER = lacc.PreworkTests;
				PRODUCT_NAME = "$(TARGET_NAME)";
				SWIFT_VERSION = 5.0;
				TARGETED_DEVICE_FAMILY = "1,2";
				TEST_HOST = "$(BUILT_PRODUCTS_DIR)/Prework.app/Prework";
			};
			name = Debug;
		};
		ED2A63F426A675A50011497E /* Release */ = {
			isa = XCBuildConfiguration;
			buildSettings = {
				ALWAYS_EMBED_SWIFT_STANDARD_LIBRARIES = YES;
				BUNDLE_LOADER = "$(TEST_HOST)";
				CODE_SIGN_STYLE = Automatic;
				INFOPLIST_FILE = PreworkTests/Info.plist;
				IPHONEOS_DEPLOYMENT_TARGET = 14.5;
				LD_RUNPATH_SEARCH_PATHS = (
					"$(inherited)",
					"@executable_path/Frameworks",
					"@loader_path/Frameworks",
				);
				PRODUCT_BUNDLE_IDENTIFIER = lacc.PreworkTests;
				PRODUCT_NAME = "$(TARGET_NAME)";
				SWIFT_VERSION = 5.0;
				TARGETED_DEVICE_FAMILY = "1,2";
				TEST_HOST = "$(BUILT_PRODUCTS_DIR)/Prework.app/Prework";
			};
			name = Release;
		};
		ED2A63F626A675A50011497E /* Debug */ = {
			isa = XCBuildConfiguration;
			buildSettings = {
				ALWAYS_EMBED_SWIFT_STANDARD_LIBRARIES = YES;
				CODE_SIGN_STYLE = Automatic;
				INFOPLIST_FILE = PreworkUITests/Info.plist;
				LD_RUNPATH_SEARCH_PATHS = (
					"$(inherited)",
					"@executable_path/Frameworks",
					"@loader_path/Frameworks",
				);
				PRODUCT_BUNDLE_IDENTIFIER = lacc.PreworkUITests;
				PRODUCT_NAME = "$(TARGET_NAME)";
				SWIFT_VERSION = 5.0;
				TARGETED_DEVICE_FAMILY = "1,2";
				TEST_TARGET_NAME = Prework;
			};
			name = Debug;
		};
		ED2A63F726A675A50011497E /* Release */ = {
			isa = XCBuildConfiguration;
			buildSettings = {
				ALWAYS_EMBED_SWIFT_STANDARD_LIBRARIES = YES;
				CODE_SIGN_STYLE = Automatic;
				INFOPLIST_FILE = PreworkUITests/Info.plist;
				LD_RUNPATH_SEARCH_PATHS = (
					"$(inherited)",
					"@executable_path/Frameworks",
					"@loader_path/Frameworks",
				);
				PRODUCT_BUNDLE_IDENTIFIER = lacc.PreworkUITests;
				PRODUCT_NAME = "$(TARGET_NAME)";
				SWIFT_VERSION = 5.0;
				TARGETED_DEVICE_FAMILY = "1,2";
				TEST_TARGET_NAME = Prework;
			};
			name = Release;
		};
/* End XCBuildConfiguration section */

/* Begin XCConfigurationList section */
		ED2A63C026A675A10011497E /* Build configuration list for PBXProject "Prework" */ = {
			isa = XCConfigurationList;
			buildConfigurations = (
				ED2A63ED26A675A50011497E /* Debug */,
				ED2A63EE26A675A50011497E /* Release */,
			);
			defaultConfigurationIsVisible = 0;
			defaultConfigurationName = Release;
		};
		ED2A63EF26A675A50011497E /* Build configuration list for PBXNativeTarget "Prework" */ = {
			isa = XCConfigurationList;
			buildConfigurations = (
				ED2A63F026A675A50011497E /* Debug */,
				ED2A63F126A675A50011497E /* Release */,
			);
			defaultConfigurationIsVisible = 0;
			defaultConfigurationName = Release;
		};
		ED2A63F226A675A50011497E /* Build configuration list for PBXNativeTarget "PreworkTests" */ = {
			isa = XCConfigurationList;
			buildConfigurations = (
				ED2A63F326A675A50011497E /* Debug */,
				ED2A63F426A675A50011497E /* Release */,
			);
			defaultConfigurationIsVisible = 0;
			defaultConfigurationName = Release;
		};
		ED2A63F526A675A50011497E /* Build configuration list for PBXNativeTarget "PreworkUITests" */ = {
			isa = XCConfigurationList;
			buildConfigurations = (
				ED2A63F626A675A50011497E /* Debug */,
				ED2A63F726A675A50011497E /* Release */,
			);
			defaultConfigurationIsVisible = 0;
			defaultConfigurationName = Release;
		};
/* End XCConfigurationList section */
	};
	rootObject = ED2A63BD26A675A10011497E /* Project object */;
}
